
Microsoft Visual Studio Solution File, Format Version 12.00
# Visual Studio Version 16
VisualStudioVersion = 16.0.28922.388
MinimumVisualStudioVersion = 10.0.40219.1
Project("{F2A71F9B-5D33-465A-A702-920D77279786}") = "MatrixVsTensor", "MatrixVsTensor\MatrixVsTensor.fsproj", "{B91939CF-CAA8-4F25-8DEC-643123BA2700}"
EndProject
Global
	GlobalSection(SolutionConfigurationPlatforms) = preSolution
		Debug|Any CPU = Debug|Any CPU
		Release|Any CPU = Release|Any CPU
	EndGlobalSection
	GlobalSection(ProjectConfigurationPlatforms) = postSolution
		{B91939CF-CAA8-4F25-8DEC-643123BA2700}.Debug|Any CPU.ActiveCfg = Debug|Any CPU
		{B91939CF-CAA8-4F25-8DEC-643123BA2700}.Debug|Any CPU.Build.0 = Debug|Any CPU
		{B91939CF-CAA8-4F25-8DEC-643123BA2700}.Release|Any CPU.ActiveCfg = Release|Any CPU
		{B91939CF-CAA8-4F25-8DEC-643123BA2700}.Release|Any CPU.Build.0 = Release|Any CPU
	EndGlobalSection
	GlobalSection(SolutionProperties) = preSolution
		HideSolutionNode = FALSE
	EndGlobalSection
	GlobalSection(ExtensibilityGlobals) = postSolution
		SolutionGuid = {1480458F-102E-42A3-98B3-E89F7CA0E143}
	EndGlobalSection
EndGlobal
